<?xml version="1.0" encoding="utf-8"?>
<Project ToolsVersion="4.0" xmlns="http://schemas.microsoft.com/developer/msbuild/2003">
  <ItemGroup>
    <Filter Include="src">
      <UniqueIdentifier>{3F1A9C52-6E2B-4D7A-8B3C-1A2B3C4D5E61}</UniqueIdentifier>
    </Filter>
    <Filter Include="third_party\imgui">
      <UniqueIdentifier>{3F1A9C52-6E2B-4D7A-8B3C-1A2B3C4D5E62}</UniqueIdentifier>
    </Filter>
    <Filter Include="third_party">
      <UniqueIdentifier>{3F1A9C52-6E2B-4D7A-8B3C-1A2B3C4D5E63}</UniqueIdentifier>
    </Filter>
  </ItemGroup>
  <ItemGroup>
    <ClCompile Include="src\color_vision.cpp">
      <Filter>src</Filter>
    </ClCompile>
    <ClCompile Include="src\draw_helpers.cpp">
      <Filter>src</Filter>
    </ClCompile>
    <ClCompile Include="src\gl_funcs.cpp">
      <Filter>src</Filter>
    </ClCompile>
    <ClCompile Include="src\juggler_figure.cpp">
      <Filter>src</Filter>
    </ClCompile>
    <ClCompile Include="src\ladder_view.cpp">
      <Filter>src</Filter>
    </ClCompile>
    <ClCompile Include="src\main.cpp">
      <Filter>src</Filter>
    </ClCompile>
    <ClCompile Include="src\mesh.cpp">
      <Filter>src</Filter>
    </ClCompile>
    <ClCompile Include="src\renderer.cpp">
      <Filter>src</Filter>
    </ClCompile>
    <ClCompile Include="src\settings.cpp">
      <Filter>src</Filter>
    </ClCompile>
    <ClCompile Include="src\siteswap.cpp">
      <Filter>src</Filter>
    </ClCompile>
    <ClCompile Include="third_party\imgui\imgui.cpp">
      <Filter>third_party\imgui</Filter>
    </ClCompile>
    <ClCompile Include="third_party\imgui\imgui_demo.cpp">
      <Filter>third_party\imgui</Filter>
    </ClCompile>
    <ClCompile Include="third_party\imgui\imgui_draw.cpp">
      <Filter>third_party\imgui</Filter>
    </ClCompile>
    <ClCompile Include="third_party\imgui\imgui_tables.cpp">
      <Filter>third_party\imgui</Filter>
    </ClCompile>
    <ClCompile Include="third_party\imgui\imgui_widgets.cpp">
      <Filter>third_party\imgui</Filter>
    </ClCompile>
    <ClCompile Include="third_party\imgui\backends\imgui_impl_opengl3.cpp">
      <Filter>third_party\imgui</Filter>
    </ClCompile>
    <ClCompile Include="third_party\imgui\backends\imgui_impl_win32.cpp">
      <Filter>third_party\imgui</Filter>
    </ClCompile>
  </ItemGroup>
  <ItemGroup>
    <ClInclude Include="src\color_vision.h">
      <Filter>src</Filter>
    </ClInclude>
    <ClInclude Include="src\draw_helpers.h">
      <Filter>src</Filter>
    </ClInclude>
    <ClInclude Include="src\gl_funcs.h">
      <Filter>src</Filter>
    </ClInclude>
    <ClInclude Include="src\juggler_figure.h">
      <Filter>src</Filter>
    </ClInclude>
    <ClInclude Include="src\ladder_view.h">
      <Filter>src</Filter>
    </ClInclude>
    <ClInclude Include="src\math3d.h">
      <Filter>src</Filter>
    </ClInclude>
    <ClInclude Include="src\mesh.h">
      <Filter>src</Filter>
    </ClInclude>
    <ClInclude Include="src\renderer.h">
      <Filter>src</Filter>
    </ClInclude>
    <ClInclude Include="src\settings.h">
      <Filter>src</Filter>
    </ClInclude>
    <ClInclude Include="src\siteswap.h">
      <Filter>src</Filter>
    </ClInclude>
  </ItemGroup>
</Project>
